<?xml version="1.0"?>
<plist version="1.0">
	<dict>
		<key>archiveVersion</key>
		<string>1</string>
		<key>classes</key>
		<dict />
		<key>objectVersion</key>
		<string>46</string>
		<key>objects</key>
		<dict>
			<key>6BAC19E2F6CACD874AD20E0C</key>
			<dict>
				<key>explicitFileType</key>
				<string>sourcecode.c.h</string>
				<key>fileEncoding</key>
				<string>30</string>
				<key>isa</key>
				<string>PBXFileReference</string>
				<key>name</key>
				<string>ofxMultiTouchListener.h</string>
				<key>path</key>
				<string>../../../addons/ofxMultiTouch/src/ofxMultiTouchListener.h</string>
				<key>sourceTree</key>
				<string>SOURCE_ROOT</string>
			</dict>
			<key>81569DFC857D8A1125FF816A</key>
			<dict>
				<key>explicitFileType</key>
				<string>sourcecode.c.h</string>
				<key>fileEncoding</key>
				<string>30</string>
				<key>isa</key>
				<string>PBXFileReference</string>
				<key>name</key>
				<string>ofxMultiTouch.h</string>
				<key>path</key>
				<string>../../../addons/ofxMultiTouch/src/ofxMultiTouch.h</string>
				<key>sourceTree</key>
				<string>SOURCE_ROOT</string>
			</dict>
			<key>7489D64FE68197B93601690A</key>
			<dict>
				<key>children</key>
				<array>
					<string>533A9201BFCAA6F93D776874</string>
					<string>81569DFC857D8A1125FF816A</string>
					<string>6BAC19E2F6CACD874AD20E0C</string>
				</array>
				<key>isa</key>
				<string>PBXGroup</string>
				<key>name</key>
				<string>src</string>
				<key>sourceTree</key>
				<string>&lt;group&gt;</string>
			</dict>
			<key>C3ED8BE3CB1C4D6B5F8DAD0B</key>
			<dict>
				<key>children</key>
				<array>
					<string>7489D64FE68197B93601690A</string>
				</array>
				<key>isa</key>
				<string>PBXGroup</string>
				<key>name</key>
				<string>ofxMultiTouch</string>
				<key>sourceTree</key>
				<string>&lt;group&gt;</string>
			</dict>
			<key>104880F75437BBEC8B04A578</key>
			<dict>
				<key>fileRef</key>
				<string>533A9201BFCAA6F93D776874</string>
				<key>isa</key>
				<string>PBXBuildFile</string>
			</dict>
			<key>533A9201BFCAA6F93D776874</key>
			<dict>
				<key>explicitFileType</key>
				<string>sourcecode.cpp.cpp</string>
				<key>fileEncoding</key>
				<string>30</string>
				<key>isa</key>
				<string>PBXFileReference</string>
				<key>name</key>
				<string>ofxMultiTouch.cpp</string>
				<key>path</key>
				<string>../../../addons/ofxMultiTouch/src/ofxMultiTouch.cpp</string>
				<key>sourceTree</key>
				<string>SOURCE_ROOT</string>
			</dict>
			<key>58F6B74D800E3229CB90A50C</key>
			<dict>
				<key>fileRef</key>
				<string>0568F91DB841DDCFCCD37EB5</string>
				<key>isa</key>
				<string>PBXBuildFile</string>
			</dict>
			<key>0568F91DB841DDCFCCD37EB5</key>
			<dict>
				<key>explicitFileType</key>
				<string>sourcecode.cpp.objcpp</string>
				<key>fileEncoding</key>
				<string>30</string>
				<key>isa</key>
				<string>PBXFileReference</string>
				<key>name</key>
				<string>ofxiOSVideoPlayer.mm</string>
				<key>path</key>
				<string>../../../addons/ofxiOS/src/video/ofxiOSVideoPlayer.mm</string>
				<key>sourceTree</key>
				<string>SOURCE_ROOT</string>
			</dict>
			<key>D09A112FB695078FC17B5850</key>
			<dict>
				<key>explicitFileType</key>
				<string>sourcecode.c.h</string>
				<key>fileEncoding</key>
				<string>30</string>
				<key>isa</key>
				<string>PBXFileReference</string>
				<key>name</key>
				<string>ofxiOSVideoPlayer.h</string>
				<key>path</key>
				<string>../../../addons/ofxiOS/src/video/ofxiOSVideoPlayer.h</string>
				<key>sourceTree</key>
				<string>SOURCE_ROOT</string>
			</dict>
			<key>984B3F060542B326DF7C7C57</key>
			<dict>
				<key>fileRef</key>
				<string>F71177A55DBEF38A0111A208</string>
				<key>isa</key>
				<string>PBXBuildFile</string>
			</dict>
			<key>F71177A55DBEF38A0111A208</key>
			<dict>
				<key>explicitFileType</key>
				<string>sourcecode.cpp.objcpp</string>
				<key>fileEncoding</key>
				<string>30</string>
				<key>isa</key>
				<string>PBXFileReference</string>
				<key>name</key>
				<string>ofxiOSVideoGrabber.mm</string>
				<key>path</key>
				<string>../../../addons/ofxiOS/src/video/ofxiOSVideoGrabber.mm</string>
				<key>sourceTree</key>
				<string>SOURCE_ROOT</string>
			</dict>
			<key>C6DAD111651CE71107842156</key>
			<dict>
				<key>explicitFileType</key>
				<string>sourcecode.c.h</string>
				<key>fileEncoding</key>
				<string>30</string>
				<key>isa</key>
				<string>PBXFileReference</string>
				<key>name</key>
				<string>ofxiOSVideoGrabber.h</string>
				<key>path</key>
				<string>../../../addons/ofxiOS/src/video/ofxiOSVideoGrabber.h</string>
				<key>sourceTree</key>
				<string>SOURCE_ROOT</string>
			</dict>
			<key>AB49BC51A17540FB9714705B</key>
			<dict>
				<key>fileRef</key>
				<string>8DF5FDBB596A1C8950E91B00</string>
				<key>isa</key>
				<string>PBXBuildFile</string>
			</dict>
			<key>8DF5FDBB596A1C8950E91B00</key>
			<dict>
				<key>explicitFileType</key>
				<string>sourcecode.cpp.objcpp</string>
				<key>fileEncoding</key>
				<string>30</string>
				<key>isa</key>
				<string>PBXFileReference</string>
				<key>name</key>
				<string>AVFoundationVideoPlayer.m</string>
				<key>path</key>
				<string>../../../addons/ofxiOS/src/video/AVFoundationVideoPlayer.m</string>
				<key>sourceTree</key>
				<string>SOURCE_ROOT</string>
			</dict>
			<key>5862D4DF43FD98DAD187E4B3</key>
			<dict>
				<key>explicitFileType</key>
				<string>sourcecode.c.h</string>
				<key>fileEncoding</key>
				<string>30</string>
				<key>isa</key>
				<string>PBXFileReference</string>
				<key>name</key>
				<string>AVFoundationVideoPlayer.h</string>
				<key>path</key>
				<string>../../../addons/ofxiOS/src/video/AVFoundationVideoPlayer.h</string>
				<key>sourceTree</key>
				<string>SOURCE_ROOT</string>
			</dict>
			<key>3249430C65946B92F4F5B0B4</key>
			<dict>
				<key>fileRef</key>
				<string>43F88FFEB508A91E7E12D8C0</string>
				<key>isa</key>
				<string>PBXBuildFile</string>
			</dict>
			<key>43F88FFEB508A91E7E12D8C0</key>
			<dict>
				<key>explicitFileType</key>
				<string>sourcecode.cpp.objcpp</string>
				<key>fileEncoding</key>
				<string>30</string>
				<key>isa</key>
				<string>PBXFileReference</string>
				<key>name</key>
				<string>AVFoundationVideoGrabber.mm</string>
				<key>path</key>
				<string>../../../addons/ofxiOS/src/video/AVFoundationVideoGrabber.mm</string>
				<key>sourceTree</key>
				<string>SOURCE_ROOT</string>
			</dict>
			<key>D2F71AC01BB186B9206B2C39</key>
			<dict>
				<key>children</key>
				<array>
					<string>094F0D6A56B7327C53509E80</string>
					<string>43F88FFEB508A91E7E12D8C0</string>
					<string>5862D4DF43FD98DAD187E4B3</string>
					<string>8DF5FDBB596A1C8950E91B00</string>
					<string>C6DAD111651CE71107842156</string>
					<string>F71177A55DBEF38A0111A208</string>
					<string>D09A112FB695078FC17B5850</string>
					<string>0568F91DB841DDCFCCD37EB5</string>
				</array>
				<key>isa</key>
				<string>PBXGroup</string>
				<key>name</key>
				<string>video</string>
				<key>sourceTree</key>
				<string>&lt;group&gt;</string>
			</dict>
			<key>094F0D6A56B7327C53509E80</key>
			<dict>
				<key>explicitFileType</key>
				<string>sourcecode.c.h</string>
				<key>fileEncoding</key>
				<string>30</string>
				<key>isa</key>
				<string>PBXFileReference</string>
				<key>name</key>
				<string>AVFoundationVideoGrabber.h</string>
				<key>path</key>
				<string>../../../addons/ofxiOS/src/video/AVFoundationVideoGrabber.h</string>
				<key>sourceTree</key>
				<string>SOURCE_ROOT</string>
			</dict>
			<key>CDB6608F27C6FD23BE4F5949</key>
			<dict>
				<key>explicitFileType</key>
				<string>sourcecode.c.h</string>
				<key>fileEncoding</key>
				<string>30</string>
				<key>isa</key>
				<string>PBXFileReference</string>
				<key>name</key>
				<string>ofxiPhoneExtras.h</string>
				<key>path</key>
				<string>../../../addons/ofxiOS/src/utils/ofxiPhoneExtras.h</string>
				<key>sourceTree</key>
				<string>SOURCE_ROOT</string>
			</dict>
			<key>FD8CADC154FB7447FF8E12E5</key>
			<dict>
				<key>explicitFileType</key>
				<string>sourcecode.c.h</string>
				<key>fileEncoding</key>
				<string>30</string>
				<key>isa</key>
				<string>PBXFileReference</string>
				<key>name</key>
				<string>ofxiOSMapKitListener.h</string>
				<key>path</key>
				<string>../../../addons/ofxiOS/src/utils/ofxiOSMapKitListener.h</string>
				<key>sourceTree</key>
				<string>SOURCE_ROOT</string>
			</dict>
			<key>577CD9395EE2976EC391E952</key>
			<dict>
				<key>fileRef</key>
				<string>BCDC54AC26DC1E924237D2CF</string>
				<key>isa</key>
				<string>PBXBuildFile</string>
			</dict>
			<key>BCDC54AC26DC1E924237D2CF</key>
			<dict>
				<key>explicitFileType</key>
				<string>sourcecode.cpp.objcpp</string>
				<key>fileEncoding</key>
				<string>30</string>
				<key>isa</key>
				<string>PBXFileReference</string>
				<key>name</key>
				<string>ofxiOSMapKitDelegate.mm</string>
				<key>path</key>
				<string>../../../addons/ofxiOS/src/utils/ofxiOSMapKitDelegate.mm</string>
				<key>sourceTree</key>
				<string>SOURCE_ROOT</string>
			</dict>
			<key>BD77373BAF942D1930BB6443</key>
			<dict>
				<key>explicitFileType</key>
				<string>sourcecode.c.h</string>
				<key>fileEncoding</key>
				<string>30</string>
				<key>isa</key>
				<string>PBXFileReference</string>
				<key>name</key>
				<string>ofxiOSMapKitDelegate.h</string>
				<key>path</key>
				<string>../../../addons/ofxiOS/src/utils/ofxiOSMapKitDelegate.h</string>
				<key>sourceTree</key>
				<string>SOURCE_ROOT</string>
			</dict>
			<key>DF3D295ED87C7BDDB83CB714</key>
			<dict>
				<key>fileRef</key>
				<string>1BCCB67E3C79919E377E32A3</string>
				<key>isa</key>
				<string>PBXBuildFile</string>
			</dict>
			<key>1BCCB67E3C79919E377E32A3</key>
			<dict>
				<key>explicitFileType</key>
				<string>sourcecode.cpp.objcpp</string>
				<key>fileEncoding</key>
				<string>30</string>
				<key>isa</key>
				<string>PBXFileReference</string>
				<key>name</key>
				<string>ofxiOSMapKit.mm</string>
				<key>path</key>
				<string>../../../addons/ofxiOS/src/utils/ofxiOSMapKit.mm</string>
				<key>sourceTree</key>
				<string>SOURCE_ROOT</string>
			</dict>
			<key>650B41D55841708054A0095C</key>
			<dict>
				<key>explicitFileType</key>
				<string>sourcecode.c.h</string>
				<key>fileEncoding</key>
				<string>30</string>
				<key>isa</key>
				<string>PBXFileReference</string>
				<key>name</key>
				<string>ofxiOSMapKit.h</string>
				<key>path</key>
				<string>../../../addons/ofxiOS/src/utils/ofxiOSMapKit.h</string>
				<key>sourceTree</key>
				<string>SOURCE_ROOT</string>
			</dict>
			<key>4E63004C49902BD50DACE466</key>
			<dict>
				<key>fileRef</key>
				<string>C8DAF3C861791DEAA6680EE8</string>
				<key>isa</key>
				<string>PBXBuildFile</string>
			</dict>
			<key>C8DAF3C861791DEAA6680EE8</key>
			<dict>
				<key>explicitFileType</key>
				<string>sourcecode.cpp.objcpp</string>
				<key>fileEncoding</key>
				<string>30</string>
				<key>isa</key>
				<string>PBXFileReference</string>
				<key>name</key>
				<string>ofxiOSKeyboard.mm</string>
				<key>path</key>
				<string>../../../addons/ofxiOS/src/utils/ofxiOSKeyboard.mm</string>
				<key>sourceTree</key>
				<string>SOURCE_ROOT</string>
			</dict>
			<key>87D3CE549806DD0C5345E6BF</key>
			<dict>
				<key>explicitFileType</key>
				<string>sourcecode.c.h</string>
				<key>fileEncoding</key>
				<string>30</string>
				<key>isa</key>
				<string>PBXFileReference</string>
				<key>name</key>
				<string>ofxiOSKeyboard.h</string>
				<key>path</key>
				<string>../../../addons/ofxiOS/src/utils/ofxiOSKeyboard.h</string>
				<key>sourceTree</key>
				<string>SOURCE_ROOT</string>
			</dict>
			<key>87897B2EDF25FAEE2A68BE4A</key>
			<dict>
				<key>fileRef</key>
				<string>E6F24AF1B7FFB496B5BB6AB2</string>
				<key>isa</key>
				<string>PBXBuildFile</string>
			</dict>
			<key>E6F24AF1B7FFB496B5BB6AB2</key>
			<dict>
				<key>explicitFileType</key>
				<string>sourcecode.cpp.objcpp</string>
				<key>fileEncoding</key>
				<string>30</string>
				<key>isa</key>
				<string>PBXFileReference</string>
				<key>name</key>
				<string>ofxiOSImagePicker.mm</string>
				<key>path</key>
				<string>../../../addons/ofxiOS/src/utils/ofxiOSImagePicker.mm</string>
				<key>sourceTree</key>
				<string>SOURCE_ROOT</string>
			</dict>
			<key>D23A76A9A129C5972D0F747B</key>
			<dict>
				<key>explicitFileType</key>
				<string>sourcecode.c.h</string>
				<key>fileEncoding</key>
				<string>30</string>
				<key>isa</key>
				<string>PBXFileReference</string>
				<key>name</key>
				<string>ofxiOSImagePicker.h</string>
				<key>path</key>
				<string>../../../addons/ofxiOS/src/utils/ofxiOSImagePicker.h</string>
				<key>sourceTree</key>
				<string>SOURCE_ROOT</string>
			</dict>
			<key>DB98E64C58781946ACE2BA62</key>
			<dict>
				<key>fileRef</key>
				<string>25B14420AEF0FCB4504898B3</string>
				<key>isa</key>
				<string>PBXBuildFile</string>
			</dict>
			<key>25B14420AEF0FCB4504898B3</key>
			<dict>
				<key>explicitFileType</key>
				<string>sourcecode.cpp.objcpp</string>
				<key>fileEncoding</key>
				<string>30</string>
				<key>isa</key>
				<string>PBXFileReference</string>
				<key>name</key>
				<string>ofxiOSExtras.mm</string>
				<key>path</key>
				<string>../../../addons/ofxiOS/src/utils/ofxiOSExtras.mm</string>
				<key>sourceTree</key>
				<string>SOURCE_ROOT</string>
			</dict>
			<key>E19ABA3E1072B212EF361733</key>
			<dict>
				<key>explicitFileType</key>
				<string>sourcecode.c.h</string>
				<key>fileEncoding</key>
				<string>30</string>
				<key>isa</key>
				<string>PBXFileReference</string>
				<key>name</key>
				<string>ofxiOSExtras.h</string>
				<key>path</key>
				<string>../../../addons/ofxiOS/src/utils/ofxiOSExtras.h</string>
				<key>sourceTree</key>
				<string>SOURCE_ROOT</string>
			</dict>
			<key>92B88319E9446D33CED06693</key>
			<dict>
				<key>fileRef</key>
				<string>C502F26457E3E0058A737649</string>
				<key>isa</key>
				<string>PBXBuildFile</string>
			</dict>
			<key>C502F26457E3E0058A737649</key>
			<dict>
				<key>explicitFileType</key>
				<string>sourcecode.cpp.objcpp</string>
				<key>fileEncoding</key>
				<string>30</string>
				<key>isa</key>
				<string>PBXFileReference</string>
				<key>name</key>
				<string>ofxiOSExternalDisplay.mm</string>
				<key>path</key>
				<string>../../../addons/ofxiOS/src/utils/ofxiOSExternalDisplay.mm</string>
				<key>sourceTree</key>
				<string>SOURCE_ROOT</string>
			</dict>
			<key>219B57CF722041798B6F0CD6</key>
			<dict>
				<key>explicitFileType</key>
				<string>sourcecode.c.h</string>
				<key>fileEncoding</key>
				<string>30</string>
				<key>isa</key>
				<string>PBXFileReference</string>
				<key>name</key>
				<string>ofxiOSExternalDisplay.h</string>
				<key>path</key>
				<string>../../../addons/ofxiOS/src/utils/ofxiOSExternalDisplay.h</string>
				<key>sourceTree</key>
				<string>SOURCE_ROOT</string>
			</dict>
			<key>C762944EC35C1A1688722544</key>
			<dict>
				<key>fileRef</key>
				<string>14AF99B1024AD79A158C9594</string>
				<key>isa</key>
				<string>PBXBuildFile</string>
			</dict>
			<key>14AF99B1024AD79A158C9594</key>
			<dict>
				<key>explicitFileType</key>
				<string>sourcecode.cpp.objcpp</string>
				<key>fileEncoding</key>
				<string>30</string>
				<key>isa</key>
				<string>PBXFileReference</string>
				<key>name</key>
				<string>ofxiOSCoreLocation.mm</string>
				<key>path</key>
				<string>../../../addons/ofxiOS/src/utils/ofxiOSCoreLocation.mm</string>
				<key>sourceTree</key>
				<string>SOURCE_ROOT</string>
			</dict>
			<key>14CC475282B0FECE80346237</key>
			<dict>
				<key>children</key>
				<array>
					<string>611AB2D400FE7C78561B6352</string>
					<string>14AF99B1024AD79A158C9594</string>
					<string>219B57CF722041798B6F0CD6</string>
					<string>C502F26457E3E0058A737649</string>
					<string>E19ABA3E1072B212EF361733</string>
					<string>25B14420AEF0FCB4504898B3</string>
					<string>D23A76A9A129C5972D0F747B</string>
					<string>E6F24AF1B7FFB496B5BB6AB2</string>
					<string>87D3CE549806DD0C5345E6BF</string>
					<string>C8DAF3C861791DEAA6680EE8</string>
					<string>650B41D55841708054A0095C</string>
					<string>1BCCB67E3C79919E377E32A3</string>
					<string>BD77373BAF942D1930BB6443</string>
					<string>BCDC54AC26DC1E924237D2CF</string>
					<string>FD8CADC154FB7447FF8E12E5</string>
					<string>CDB6608F27C6FD23BE4F5949</string>
				</array>
				<key>isa</key>
				<string>PBXGroup</string>
				<key>name</key>
				<string>utils</string>
				<key>sourceTree</key>
				<string>&lt;group&gt;</string>
			</dict>
			<key>611AB2D400FE7C78561B6352</key>
			<dict>
				<key>explicitFileType</key>
				<string>sourcecode.c.h</string>
				<key>fileEncoding</key>
				<string>30</string>
				<key>isa</key>
				<string>PBXFileReference</string>
				<key>name</key>
				<string>ofxiOSCoreLocation.h</string>
				<key>path</key>
				<string>../../../addons/ofxiOS/src/utils/ofxiOSCoreLocation.h</string>
				<key>sourceTree</key>
				<string>SOURCE_ROOT</string>
			</dict>
			<key>ECD07A2389CF58E12038E933</key>
			<dict>
				<key>fileRef</key>
				<string>7BE15E2C5DCFBF7CCB0CFD61</string>
				<key>isa</key>
				<string>PBXBuildFile</string>
			</dict>
			<key>7BE15E2C5DCFBF7CCB0CFD61</key>
			<dict>
				<key>explicitFileType</key>
				<string>sourcecode.cpp.objcpp</string>
				<key>fileEncoding</key>
				<string>30</string>
				<key>isa</key>
				<string>PBXFileReference</string>
				<key>name</key>
				<string>SoundStream.m</string>
				<key>path</key>
				<string>../../../addons/ofxiOS/src/sound/SoundStream.m</string>
				<key>sourceTree</key>
				<string>SOURCE_ROOT</string>
			</dict>
			<key>65673B034FD5C2513D0EC67D</key>
			<dict>
				<key>explicitFileType</key>
				<string>sourcecode.c.h</string>
				<key>fileEncoding</key>
				<string>30</string>
				<key>isa</key>
				<string>PBXFileReference</string>
				<key>name</key>
				<string>SoundStream.h</string>
				<key>path</key>
				<string>../../../addons/ofxiOS/src/sound/SoundStream.h</string>
				<key>sourceTree</key>
				<string>SOURCE_ROOT</string>
			</dict>
			<key>44241B285E8644935F2219BA</key>
			<dict>
				<key>fileRef</key>
				<string>355FB06E3287445D018C6711</string>
				<key>isa</key>
				<string>PBXBuildFile</string>
			</dict>
			<key>355FB06E3287445D018C6711</key>
			<dict>
				<key>explicitFileType</key>
				<string>sourcecode.cpp.objcpp</string>
				<key>fileEncoding</key>
				<string>30</string>
				<key>isa</key>
				<string>PBXFileReference</string>
				<key>name</key>
				<string>SoundOutputStream.m</string>
				<key>path</key>
				<string>../../../addons/ofxiOS/src/sound/SoundOutputStream.m</string>
				<key>sourceTree</key>
				<string>SOURCE_ROOT</string>
			</dict>
			<key>6D9F5233C561D55FBA8E13B9</key>
			<dict>
				<key>explicitFileType</key>
				<string>sourcecode.c.h</string>
				<key>fileEncoding</key>
				<string>30</string>
				<key>isa</key>
				<string>PBXFileReference</string>
				<key>name</key>
				<string>SoundOutputStream.h</string>
				<key>path</key>
				<string>../../../addons/ofxiOS/src/sound/SoundOutputStream.h</string>
				<key>sourceTree</key>
				<string>SOURCE_ROOT</string>
			</dict>
			<key>DF5DE601940D2D9A96993655</key>
			<dict>
				<key>fileRef</key>
				<string>4C384255603C84B42317E850</string>
				<key>isa</key>
				<string>PBXBuildFile</string>
			</dict>
			<key>4C384255603C84B42317E850</key>
			<dict>
				<key>explicitFileType</key>
				<string>sourcecode.cpp.objcpp</string>
				<key>fileEncoding</key>
				<string>30</string>
				<key>isa</key>
				<string>PBXFileReference</string>
				<key>name</key>
				<string>SoundInputStream.m</string>
				<key>path</key>
				<string>../../../addons/ofxiOS/src/sound/SoundInputStream.m</string>
				<key>sourceTree</key>
				<string>SOURCE_ROOT</string>
			</dict>
			<key>592F80A753C5DDD5F73FFBF9</key>
			<dict>
				<key>explicitFileType</key>
				<string>sourcecode.c.h</string>
				<key>fileEncoding</key>
				<string>30</string>
				<key>isa</key>
				<string>PBXFileReference</string>
				<key>name</key>
				<string>SoundInputStream.h</string>
				<key>path</key>
				<string>../../../addons/ofxiOS/src/sound/SoundInputStream.h</string>
				<key>sourceTree</key>
				<string>SOURCE_ROOT</string>
			</dict>
			<key>5EC99E45EDE76AA331CD9A4E</key>
			<dict>
				<key>explicitFileType</key>
				<string>sourcecode.c.h</string>
				<key>fileEncoding</key>
				<string>30</string>
				<key>isa</key>
				<string>PBXFileReference</string>
				<key>name</key>
				<string>SoundEngine.h</string>
				<key>path</key>
				<string>../../../addons/ofxiOS/src/sound/SoundEngine.h</string>
				<key>sourceTree</key>
				<string>SOURCE_ROOT</string>
			</dict>
			<key>8A6FD731B949F968DC9CF28F</key>
			<dict>
				<key>fileRef</key>
				<string>8578EE515E56DE93FB597C62</string>
				<key>isa</key>
				<string>PBXBuildFile</string>
			</dict>
			<key>8578EE515E56DE93FB597C62</key>
			<dict>
				<key>explicitFileType</key>
				<string>sourcecode.cpp.cpp</string>
				<key>fileEncoding</key>
				<string>30</string>
				<key>isa</key>
				<string>PBXFileReference</string>
				<key>name</key>
				<string>SoundEngine.cpp</string>
				<key>path</key>
				<string>../../../addons/ofxiOS/src/sound/SoundEngine.cpp</string>
				<key>sourceTree</key>
				<string>SOURCE_ROOT</string>
			</dict>
			<key>A3AC9E94E3777679D1CE87B5</key>
			<dict>
				<key>explicitFileType</key>
				<string>sourcecode.c.h</string>
				<key>fileEncoding</key>
				<string>30</string>
				<key>isa</key>
				<string>PBXFileReference</string>
				<key>name</key>
				<string>ofxOpenALSoundPlayer.h</string>
				<key>path</key>
				<string>../../../addons/ofxiOS/src/sound/ofxOpenALSoundPlayer.h</string>
				<key>sourceTree</key>
				<string>SOURCE_ROOT</string>
			</dict>
			<key>D0A17B036AB32D265B8F2459</key>
			<dict>
				<key>fileRef</key>
				<string>32AD5F8D1F70D956FFFB12B2</string>
				<key>isa</key>
				<string>PBXBuildFile</string>
			</dict>
			<key>32AD5F8D1F70D956FFFB12B2</key>
			<dict>
				<key>explicitFileType</key>
				<string>sourcecode.cpp.cpp</string>
				<key>fileEncoding</key>
				<string>30</string>
				<key>isa</key>
				<string>PBXFileReference</string>
				<key>name</key>
				<string>ofxOpenALSoundPlayer.cpp</string>
				<key>path</key>
				<string>../../../addons/ofxiOS/src/sound/ofxOpenALSoundPlayer.cpp</string>
				<key>sourceTree</key>
				<string>SOURCE_ROOT</string>
			</dict>
			<key>BD31A4927D977A8D22727C45</key>
			<dict>
				<key>fileRef</key>
				<string>FC9332ED947A91AAF2B154F0</string>
				<key>isa</key>
				<string>PBXBuildFile</string>
			</dict>
			<key>FC9332ED947A91AAF2B154F0</key>
			<dict>
				<key>explicitFileType</key>
				<string>sourcecode.cpp.objcpp</string>
				<key>fileEncoding</key>
				<string>30</string>
				<key>isa</key>
				<string>PBXFileReference</string>
				<key>name</key>
				<string>ofxiOSSoundStreamDelegate.mm</string>
				<key>path</key>
				<string>../../../addons/ofxiOS/src/sound/ofxiOSSoundStreamDelegate.mm</string>
				<key>sourceTree</key>
				<string>SOURCE_ROOT</string>
			</dict>
			<key>4B2A2CA981AEEDBACBE4D623</key>
			<dict>
				<key>explicitFileType</key>
				<string>sourcecode.c.h</string>
				<key>fileEncoding</key>
				<string>30</string>
				<key>isa</key>
				<string>PBXFileReference</string>
				<key>name</key>
				<string>ofxiOSSoundStreamDelegate.h</string>
				<key>path</key>
				<string>../../../addons/ofxiOS/src/sound/ofxiOSSoundStreamDelegate.h</string>
				<key>sourceTree</key>
				<string>SOURCE_ROOT</string>
			</dict>
			<key>4D3B024D6FAC65FBEDDC4EEC</key>
			<dict>
				<key>fileRef</key>
				<string>277D57806B8428295987F4CF</string>
				<key>isa</key>
				<string>PBXBuildFile</string>
			</dict>
			<key>277D57806B8428295987F4CF</key>
			<dict>
				<key>explicitFileType</key>
				<string>sourcecode.cpp.objcpp</string>
				<key>fileEncoding</key>
				<string>30</string>
				<key>isa</key>
				<string>PBXFileReference</string>
				<key>name</key>
				<string>ofxiOSSoundStream.mm</string>
				<key>path</key>
				<string>../../../addons/ofxiOS/src/sound/ofxiOSSoundStream.mm</string>
				<key>sourceTree</key>
				<string>SOURCE_ROOT</string>
			</dict>
			<key>24BB18EB09ADB10B4F39AE9E</key>
			<dict>
				<key>explicitFileType</key>
				<string>sourcecode.c.h</string>
				<key>fileEncoding</key>
				<string>30</string>
				<key>isa</key>
				<string>PBXFileReference</string>
				<key>name</key>
				<string>ofxiOSSoundStream.h</string>
				<key>path</key>
				<string>../../../addons/ofxiOS/src/sound/ofxiOSSoundStream.h</string>
				<key>sourceTree</key>
				<string>SOURCE_ROOT</string>
			</dict>
			<key>7ECA2E8A64FA8D42353535FB</key>
			<dict>
				<key>fileRef</key>
				<string>73D2A25278DB6E3A8C965485</string>
				<key>isa</key>
				<string>PBXBuildFile</string>
			</dict>
			<key>73D2A25278DB6E3A8C965485</key>
			<dict>
				<key>explicitFileType</key>
				<string>sourcecode.cpp.objcpp</string>
				<key>fileEncoding</key>
				<string>30</string>
				<key>isa</key>
				<string>PBXFileReference</string>
				<key>name</key>
				<string>ofxiOSSoundPlayer.mm</string>
				<key>path</key>
				<string>../../../addons/ofxiOS/src/sound/ofxiOSSoundPlayer.mm</string>
				<key>sourceTree</key>
				<string>SOURCE_ROOT</string>
			</dict>
			<key>B857718C79F800DCE8716D51</key>
			<dict>
				<key>explicitFileType</key>
				<string>sourcecode.c.h</string>
				<key>fileEncoding</key>
				<string>30</string>
				<key>isa</key>
				<string>PBXFileReference</string>
				<key>name</key>
				<string>ofxiOSSoundPlayer.h</string>
				<key>path</key>
				<string>../../../addons/ofxiOS/src/sound/ofxiOSSoundPlayer.h</string>
				<key>sourceTree</key>
				<string>SOURCE_ROOT</string>
			</dict>
			<key>2B9C3CEB57F1B5C4F832F8BB</key>
			<dict>
				<key>fileRef</key>
				<string>16D9E92D589047FA9CD3ACA0</string>
				<key>isa</key>
				<string>PBXBuildFile</string>
			</dict>
			<key>16D9E92D589047FA9CD3ACA0</key>
			<dict>
				<key>explicitFileType</key>
				<string>sourcecode.cpp.objcpp</string>
				<key>fileEncoding</key>
				<string>30</string>
				<key>isa</key>
				<string>PBXFileReference</string>
				<key>name</key>
				<string>AVSoundPlayer.m</string>
				<key>path</key>
				<string>../../../addons/ofxiOS/src/sound/AVSoundPlayer.m</string>
				<key>sourceTree</key>
				<string>SOURCE_ROOT</string>
			</dict>
			<key>2ED49549E090E8201411CC59</key>
			<dict>
				<key>children</key>
				<array>
					<string>9C9B5A866D749D530A3D3179</string>
					<string>16D9E92D589047FA9CD3ACA0</string>
					<string>B857718C79F800DCE8716D51</string>
					<string>73D2A25278DB6E3A8C965485</string>
					<string>24BB18EB09ADB10B4F39AE9E</string>
					<string>277D57806B8428295987F4CF</string>
					<string>4B2A2CA981AEEDBACBE4D623</string>
					<string>FC9332ED947A91AAF2B154F0</string>
					<string>32AD5F8D1F70D956FFFB12B2</string>
					<string>A3AC9E94E3777679D1CE87B5</string>
					<string>8578EE515E56DE93FB597C62</string>
					<string>5EC99E45EDE76AA331CD9A4E</string>
					<string>592F80A753C5DDD5F73FFBF9</string>
					<string>4C384255603C84B42317E850</string>
					<string>6D9F5233C561D55FBA8E13B9</string>
					<string>355FB06E3287445D018C6711</string>
					<string>65673B034FD5C2513D0EC67D</string>
					<string>7BE15E2C5DCFBF7CCB0CFD61</string>
				</array>
				<key>isa</key>
				<string>PBXGroup</string>
				<key>name</key>
				<string>sound</string>
				<key>sourceTree</key>
				<string>&lt;group&gt;</string>
			</dict>
			<key>9C9B5A866D749D530A3D3179</key>
			<dict>
				<key>explicitFileType</key>
				<string>sourcecode.c.h</string>
				<key>fileEncoding</key>
				<string>30</string>
				<key>isa</key>
				<string>PBXFileReference</string>
				<key>name</key>
				<string>AVSoundPlayer.h</string>
				<key>path</key>
				<string>../../../addons/ofxiOS/src/sound/AVSoundPlayer.h</string>
				<key>sourceTree</key>
				<string>SOURCE_ROOT</string>
			</dict>
			<key>7D566AE5023067D6838F9BA8</key>
			<dict>
				<key>explicitFileType</key>
				<string>sourcecode.c.h</string>
				<key>fileEncoding</key>
				<string>30</string>
				<key>isa</key>
				<string>PBXFileReference</string>
				<key>name</key>
				<string>ofxiPhone.h</string>
				<key>path</key>
				<string>../../../addons/ofxiOS/src/ofxiPhone.h</string>
				<key>sourceTree</key>
				<string>SOURCE_ROOT</string>
			</dict>
			<key>CC6F9B2D365EEAC56B8E9CCA</key>
			<dict>
				<key>explicitFileType</key>
				<string>sourcecode.c.h</string>
				<key>fileEncoding</key>
				<string>30</string>
				<key>isa</key>
				<string>PBXFileReference</string>
				<key>name</key>
				<string>ofxiOSExtensions.h</string>
				<key>path</key>
				<string>../../../addons/ofxiOS/src/ofxiOSExtensions.h</string>
				<key>sourceTree</key>
				<string>SOURCE_ROOT</string>
			</dict>
			<key>47B0659D3549B041CABC7249</key>
			<dict>
				<key>explicitFileType</key>
				<string>sourcecode.c.h</string>
				<key>fileEncoding</key>
				<string>30</string>
				<key>isa</key>
				<string>PBXFileReference</string>
				<key>name</key>
				<string>ofxiOS.h</string>
				<key>path</key>
				<string>../../../addons/ofxiOS/src/ofxiOS.h</string>
				<key>sourceTree</key>
				<string>SOURCE_ROOT</string>
			</dict>
			<key>9DF86B5888AC386484232D28</key>
			<dict>
				<key>explicitFileType</key>
				<string>sourcecode.c.h</string>
				<key>fileEncoding</key>
				<string>30</string>
				<key>isa</key>
				<string>PBXFileReference</string>
				<key>name</key>
				<string>ESRenderer.h</string>
				<key>path</key>
				<string>../../../addons/ofxiOS/src/gl/ESRenderer.h</string>
				<key>sourceTree</key>
				<string>SOURCE_ROOT</string>
			</dict>
			<key>3577D5FE61BAA7C1333D7B08</key>
			<dict>
				<key>fileRef</key>
				<string>925BC910828B35A77A911C4C</string>
				<key>isa</key>
				<string>PBXBuildFile</string>
			</dict>
			<key>925BC910828B35A77A911C4C</key>
			<dict>
				<key>explicitFileType</key>
				<string>sourcecode.cpp.objcpp</string>
				<key>fileEncoding</key>
				<string>30</string>
				<key>isa</key>
				<string>PBXFileReference</string>
				<key>name</key>
				<string>ES2Renderer.m</string>
				<key>path</key>
				<string>../../../addons/ofxiOS/src/gl/ES2Renderer.m</string>
				<key>sourceTree</key>
				<string>SOURCE_ROOT</string>
			</dict>
			<key>DAFC5B1960502639B031D366</key>
			<dict>
				<key>explicitFileType</key>
				<string>sourcecode.c.h</string>
				<key>fileEncoding</key>
				<string>30</string>
				<key>isa</key>
				<string>PBXFileReference</string>
				<key>name</key>
				<string>ES2Renderer.h</string>
				<key>path</key>
				<string>../../../addons/ofxiOS/src/gl/ES2Renderer.h</string>
				<key>sourceTree</key>
				<string>SOURCE_ROOT</string>
			</dict>
			<key>B609B8E0D423C7B68CA9F3E2</key>
			<dict>
				<key>fileRef</key>
				<string>3081A26E268E5D3A044DA9EF</string>
				<key>isa</key>
				<string>PBXBuildFile</string>
			</dict>
			<key>3081A26E268E5D3A044DA9EF</key>
			<dict>
				<key>explicitFileType</key>
				<string>sourcecode.cpp.objcpp</string>
				<key>fileEncoding</key>
				<string>30</string>
				<key>isa</key>
				<string>PBXFileReference</string>
				<key>name</key>
				<string>ES1Renderer.m</string>
				<key>path</key>
				<string>../../../addons/ofxiOS/src/gl/ES1Renderer.m</string>
				<key>sourceTree</key>
				<string>SOURCE_ROOT</string>
			</dict>
			<key>3712E4E83E4120C30DCDDA9F</key>
			<dict>
				<key>explicitFileType</key>
				<string>sourcecode.c.h</string>
				<key>fileEncoding</key>
				<string>30</string>
				<key>isa</key>
				<string>PBXFileReference</string>
				<key>name</key>
				<string>ES1Renderer.h</string>
				<key>path</key>
				<string>../../../addons/ofxiOS/src/gl/ES1Renderer.h</string>
				<key>sourceTree</key>
				<string>SOURCE_ROOT</string>
			</dict>
			<key>0D33F46A9DE65B4BF8B10754</key>
			<dict>
				<key>fileRef</key>
				<string>8FB3B2E8A14CFA40181F8F6E</string>
				<key>isa</key>
				<string>PBXBuildFile</string>
			</dict>
			<key>8FB3B2E8A14CFA40181F8F6E</key>
			<dict>
				<key>explicitFileType</key>
				<string>sourcecode.cpp.objcpp</string>
				<key>fileEncoding</key>
				<string>30</string>
				<key>isa</key>
				<string>PBXFileReference</string>
				<key>name</key>
				<string>EAGLView.m</string>
				<key>path</key>
				<string>../../../addons/ofxiOS/src/gl/EAGLView.m</string>
				<key>sourceTree</key>
				<string>SOURCE_ROOT</string>
			</dict>
			<key>E342B3D0C83C19CDF04DD364</key>
			<dict>
				<key>children</key>
				<array>
					<string>9018B2291E11D05A1EA83252</string>
					<string>8FB3B2E8A14CFA40181F8F6E</string>
					<string>3712E4E83E4120C30DCDDA9F</string>
					<string>3081A26E268E5D3A044DA9EF</string>
					<string>DAFC5B1960502639B031D366</string>
					<string>925BC910828B35A77A911C4C</string>
					<string>9DF86B5888AC386484232D28</string>
				</array>
				<key>isa</key>
				<string>PBXGroup</string>
				<key>name</key>
				<string>gl</string>
				<key>sourceTree</key>
				<string>&lt;group&gt;</string>
			</dict>
			<key>9018B2291E11D05A1EA83252</key>
			<dict>
				<key>explicitFileType</key>
				<string>sourcecode.c.h</string>
				<key>fileEncoding</key>
				<string>30</string>
				<key>isa</key>
				<string>PBXFileReference</string>
				<key>name</key>
				<string>EAGLView.h</string>
				<key>path</key>
				<string>../../../addons/ofxiOS/src/gl/EAGLView.h</string>
				<key>sourceTree</key>
				<string>SOURCE_ROOT</string>
			</dict>
			<key>A240F2B0025825861B1C5E0C</key>
			<dict>
				<key>explicitFileType</key>
				<string>sourcecode.c.h</string>
				<key>fileEncoding</key>
				<string>30</string>
				<key>isa</key>
				<string>PBXFileReference</string>
				<key>name</key>
				<string>ofxiOSAlertsListener.h</string>
				<key>path</key>
				<string>../../../addons/ofxiOS/src/events/ofxiOSAlertsListener.h</string>
				<key>sourceTree</key>
				<string>SOURCE_ROOT</string>
			</dict>
			<key>D82C29FF2A9BFC607DBC5997</key>
			<dict>
				<key>fileRef</key>
				<string>03DE80986BBF9882636DF255</string>
				<key>isa</key>
				<string>PBXBuildFile</string>
			</dict>
			<key>03DE80986BBF9882636DF255</key>
			<dict>
				<key>explicitFileType</key>
				<string>sourcecode.cpp.objcpp</string>
				<key>fileEncoding</key>
				<string>30</string>
				<key>isa</key>
				<string>PBXFileReference</string>
				<key>name</key>
				<string>ofxiOSAlerts.mm</string>
				<key>path</key>
				<string>../../../addons/ofxiOS/src/events/ofxiOSAlerts.mm</string>
				<key>sourceTree</key>
				<string>SOURCE_ROOT</string>
			</dict>
			<key>5FE1276E12D6BCC045A299FF</key>
			<dict>
				<key>explicitFileType</key>
				<string>sourcecode.c.h</string>
				<key>fileEncoding</key>
				<string>30</string>
				<key>isa</key>
				<string>PBXFileReference</string>
				<key>name</key>
				<string>ofxiOSAlerts.h</string>
				<key>path</key>
				<string>../../../addons/ofxiOS/src/events/ofxiOSAlerts.h</string>
				<key>sourceTree</key>
				<string>SOURCE_ROOT</string>
			</dict>
			<key>5409439A7E5854A601DED224</key>
			<dict>
				<key>children</key>
				<array>
					<string>FD85234404A6144EAB52C5D9</string>
					<string>5FE1276E12D6BCC045A299FF</string>
					<string>03DE80986BBF9882636DF255</string>
					<string>A240F2B0025825861B1C5E0C</string>
				</array>
				<key>isa</key>
				<string>PBXGroup</string>
				<key>name</key>
				<string>events</string>
				<key>sourceTree</key>
				<string>&lt;group&gt;</string>
			</dict>
			<key>7B025FFC7E80A48E60BD1821</key>
			<dict>
				<key>fileRef</key>
				<string>FD85234404A6144EAB52C5D9</string>
				<key>isa</key>
				<string>PBXBuildFile</string>
			</dict>
			<key>FD85234404A6144EAB52C5D9</key>
			<dict>
				<key>explicitFileType</key>
				<string>sourcecode.cpp.objcpp</string>
				<key>fileEncoding</key>
				<string>30</string>
				<key>isa</key>
				<string>PBXFileReference</string>
				<key>name</key>
				<string>ofxiOSAccelerometer.mm</string>
				<key>path</key>
				<string>../../../addons/ofxiOS/src/events/ofxiOSAccelerometer.mm</string>
				<key>sourceTree</key>
				<string>SOURCE_ROOT</string>
			</dict>
			<key>F5EFEC4B0FCD0C46A806F658</key>
			<dict>
				<key>fileRef</key>
				<string>90707E55EED216A1CF3E79EC</string>
				<key>isa</key>
				<string>PBXBuildFile</string>
			</dict>
			<key>90707E55EED216A1CF3E79EC</key>
			<dict>
				<key>explicitFileType</key>
				<string>sourcecode.cpp.objcpp</string>
				<key>fileEncoding</key>
				<string>30</string>
				<key>isa</key>
				<string>PBXFileReference</string>
				<key>name</key>
				<string>ofxiOSViewController.mm</string>
				<key>path</key>
				<string>../../../addons/ofxiOS/src/core/ofxiOSViewController.mm</string>
				<key>sourceTree</key>
				<string>SOURCE_ROOT</string>
			</dict>
			<key>08180D0C934D483B6A31D49E</key>
			<dict>
				<key>explicitFileType</key>
				<string>sourcecode.c.h</string>
				<key>fileEncoding</key>
				<string>30</string>
				<key>isa</key>
				<string>PBXFileReference</string>
				<key>name</key>
				<string>ofxiOSViewController.h</string>
				<key>path</key>
				<string>../../../addons/ofxiOS/src/core/ofxiOSViewController.h</string>
				<key>sourceTree</key>
				<string>SOURCE_ROOT</string>
			</dict>
			<key>15ECB1177B4F9AC521FE83F0</key>
			<dict>
				<key>fileRef</key>
				<string>A69CF5410B34AA776853BB1D</string>
				<key>isa</key>
				<string>PBXBuildFile</string>
			</dict>
			<key>A69CF5410B34AA776853BB1D</key>
			<dict>
				<key>explicitFileType</key>
				<string>sourcecode.cpp.objcpp</string>
				<key>fileEncoding</key>
				<string>30</string>
				<key>isa</key>
				<string>PBXFileReference</string>
				<key>name</key>
				<string>ofxiOSEAGLView.mm</string>
				<key>path</key>
				<string>../../../addons/ofxiOS/src/core/ofxiOSEAGLView.mm</string>
				<key>sourceTree</key>
				<string>SOURCE_ROOT</string>
			</dict>
			<key>A131113E433895F15E470D7F</key>
			<dict>
				<key>explicitFileType</key>
				<string>sourcecode.c.h</string>
				<key>fileEncoding</key>
				<string>30</string>
				<key>isa</key>
				<string>PBXFileReference</string>
				<key>name</key>
				<string>ofxiOSEAGLView.h</string>
				<key>path</key>
				<string>../../../addons/ofxiOS/src/core/ofxiOSEAGLView.h</string>
				<key>sourceTree</key>
				<string>SOURCE_ROOT</string>
			</dict>
			<key>326D475FBD48C46B1D37BC3E</key>
			<dict>
				<key>fileRef</key>
				<string>3E41F55A6028E5540BB12330</string>
				<key>isa</key>
				<string>PBXBuildFile</string>
			</dict>
			<key>3E41F55A6028E5540BB12330</key>
			<dict>
				<key>explicitFileType</key>
				<string>sourcecode.cpp.objcpp</string>
				<key>fileEncoding</key>
				<string>30</string>
				<key>isa</key>
				<string>PBXFileReference</string>
				<key>name</key>
				<string>ofxiOSAppDelegate.mm</string>
				<key>path</key>
				<string>../../../addons/ofxiOS/src/core/ofxiOSAppDelegate.mm</string>
				<key>sourceTree</key>
				<string>SOURCE_ROOT</string>
			</dict>
			<key>1D9753A69665860F1F8EED2F</key>
			<dict>
				<key>children</key>
				<array>
					<string>A8535B41AE15E3586B300BB6</string>
					<string>3E41F55A6028E5540BB12330</string>
					<string>A131113E433895F15E470D7F</string>
					<string>A69CF5410B34AA776853BB1D</string>
					<string>08180D0C934D483B6A31D49E</string>
					<string>90707E55EED216A1CF3E79EC</string>
				</array>
				<key>isa</key>
				<string>PBXGroup</string>
				<key>name</key>
				<string>core</string>
				<key>sourceTree</key>
				<string>&lt;group&gt;</string>
			</dict>
			<key>A8535B41AE15E3586B300BB6</key>
			<dict>
				<key>explicitFileType</key>
				<string>sourcecode.c.h</string>
				<key>fileEncoding</key>
				<string>30</string>
				<key>isa</key>
				<string>PBXFileReference</string>
				<key>name</key>
				<string>ofxiOSAppDelegate.h</string>
				<key>path</key>
				<string>../../../addons/ofxiOS/src/core/ofxiOSAppDelegate.h</string>
				<key>sourceTree</key>
				<string>SOURCE_ROOT</string>
			</dict>
			<key>D5D6CB804132B4E65768D968</key>
			<dict>
				<key>explicitFileType</key>
				<string>sourcecode.c.h</string>
				<key>fileEncoding</key>
				<string>30</string>
				<key>isa</key>
				<string>PBXFileReference</string>
				<key>name</key>
				<string>ofxiOSApp.h</string>
				<key>path</key>
				<string>../../../addons/ofxiOS/src/app/ofxiOSApp.h</string>
				<key>sourceTree</key>
				<string>SOURCE_ROOT</string>
			</dict>
			<key>FE13248B16B2F1B2D92CB93E</key>
			<dict>
				<key>fileRef</key>
				<string>4590203A88DE61A7FA3E961B</string>
				<key>isa</key>
				<string>PBXBuildFile</string>
			</dict>
			<key>4590203A88DE61A7FA3E961B</key>
			<dict>
				<key>explicitFileType</key>
				<string>sourcecode.cpp.objcpp</string>
				<key>fileEncoding</key>
				<string>30</string>
				<key>isa</key>
				<string>PBXFileReference</string>
				<key>name</key>
				<string>ofAppiOSWindow.mm</string>
				<key>path</key>
				<string>../../../addons/ofxiOS/src/app/ofAppiOSWindow.mm</string>
				<key>sourceTree</key>
				<string>SOURCE_ROOT</string>
			</dict>
			<key>DB4771229F39FDB2DE2909BE</key>
			<dict>
				<key>children</key>
				<array>
					<string>D696CFD8C5B4F4FBFCE337DA</string>
					<string>4590203A88DE61A7FA3E961B</string>
					<string>D5D6CB804132B4E65768D968</string>
				</array>
				<key>isa</key>
				<string>PBXGroup</string>
				<key>name</key>
				<string>app</string>
				<key>sourceTree</key>
				<string>&lt;group&gt;</string>
			</dict>
			<key>85C53C2A7E9CFFD4FB9930B9</key>
			<dict>
				<key>children</key>
				<array>
					<string>DB4771229F39FDB2DE2909BE</string>
					<string>1D9753A69665860F1F8EED2F</string>
					<string>5409439A7E5854A601DED224</string>
					<string>E342B3D0C83C19CDF04DD364</string>
					<string>47B0659D3549B041CABC7249</string>
					<string>CC6F9B2D365EEAC56B8E9CCA</string>
					<string>7D566AE5023067D6838F9BA8</string>
					<string>2ED49549E090E8201411CC59</string>
					<string>14CC475282B0FECE80346237</string>
					<string>D2F71AC01BB186B9206B2C39</string>
				</array>
				<key>isa</key>
				<string>PBXGroup</string>
				<key>name</key>
				<string>src</string>
				<key>sourceTree</key>
				<string>&lt;group&gt;</string>
			</dict>
			<key>96B5FAFA42CE09AA5CD1D688</key>
			<dict>
				<key>children</key>
				<array>
					<string>85C53C2A7E9CFFD4FB9930B9</string>
				</array>
				<key>isa</key>
				<string>PBXGroup</string>
				<key>name</key>
				<string>ofxiOS</string>
				<key>sourceTree</key>
				<string>&lt;group&gt;</string>
			</dict>
			<key>D696CFD8C5B4F4FBFCE337DA</key>
			<dict>
				<key>explicitFileType</key>
				<string>sourcecode.c.h</string>
				<key>fileEncoding</key>
				<string>30</string>
				<key>isa</key>
				<string>PBXFileReference</string>
				<key>name</key>
				<string>ofAppiOSWindow.h</string>
				<key>path</key>
				<string>../../../addons/ofxiOS/src/app/ofAppiOSWindow.h</string>
				<key>sourceTree</key>
				<string>SOURCE_ROOT</string>
			</dict>
			<key>96606DE12E99FDF9E434C174</key>
			<dict>
				<key>explicitFileType</key>
				<string>sourcecode.c.h</string>
				<key>fileEncoding</key>
				<string>30</string>
				<key>isa</key>
				<string>PBXFileReference</string>
				<key>name</key>
				<string>ofxAccelerometer.h</string>
				<key>path</key>
				<string>../../../addons/ofxAccelerometer/src/ofxAccelerometer.h</string>
				<key>sourceTree</key>
				<string>SOURCE_ROOT</string>
			</dict>
			<key>CB621BC24BC2252BCC4CA7A3</key>
			<dict>
				<key>children</key>
				<array>
					<string>61692D6416766C31AED983A0</string>
					<string>96606DE12E99FDF9E434C174</string>
				</array>
				<key>isa</key>
				<string>PBXGroup</string>
				<key>name</key>
				<string>src</string>
				<key>sourceTree</key>
				<string>&lt;group&gt;</string>
			</dict>
			<key>F7CAC7864EFA03C87A8E0818</key>
			<dict>
				<key>children</key>
				<array>
					<string>CB621BC24BC2252BCC4CA7A3</string>
				</array>
				<key>isa</key>
				<string>PBXGroup</string>
				<key>name</key>
				<string>ofxAccelerometer</string>
				<key>sourceTree</key>
				<string>&lt;group&gt;</string>
			</dict>
			<key>645C6DCD3BB9AE04C48EAD64</key>
			<dict>
				<key>fileRef</key>
				<string>61692D6416766C31AED983A0</string>
				<key>isa</key>
				<string>PBXBuildFile</string>
			</dict>
			<key>61692D6416766C31AED983A0</key>
			<dict>
				<key>explicitFileType</key>
				<string>sourcecode.cpp.cpp</string>
				<key>fileEncoding</key>
				<string>30</string>
				<key>isa</key>
				<string>PBXFileReference</string>
				<key>name</key>
				<string>ofxAccelerometer.cpp</string>
				<key>path</key>
				<string>../../../addons/ofxAccelerometer/src/ofxAccelerometer.cpp</string>
				<key>sourceTree</key>
				<string>SOURCE_ROOT</string>
			</dict>
			<key>19C28FACFE9D520D11CA2CBB</key>
			<dict>
				<key>children</key>
				<array>
					<string>1D6058910D05DD3D006BFB54</string>
				</array>
				<key>isa</key>
				<string>PBXGroup</string>
				<key>name</key>
				<string>Products</string>
				<key>sourceTree</key>
				<string>&lt;group&gt;</string>
			</dict>
			<key>1D30AB110D05D00D00671497</key>
			<dict>
				<key>isa</key>
				<string>PBXFileReference</string>
				<key>lastKnownFileType</key>
				<string>wrapper.framework</string>
				<key>name</key>
				<string>Foundation.framework</string>
				<key>path</key>
				<string>System/Library/Frameworks/Foundation.framework</string>
				<key>sourceTree</key>
				<string>SDKROOT</string>
			</dict>
			<key>1D60588D0D05DD3D006BFB54</key>
			<dict>
				<key>buildActionMask</key>
				<string>2147483647</string>
				<key>files</key>
				<array>
					<string>E41D3ED713B38FB500A75A5D</string>
					<string>E41D3EE613B3906D00A75A5D</string>
					<string>678E130817951530005B6D19</string>
					<string>678E130A17951536005B6D19</string>
					<string>678E130C1795153C005B6D19</string>
					<string>678E130E17951540005B6D19</string>
					<string>678E131017951549005B6D19</string>
				</array>
				<key>isa</key>
				<string>PBXResourcesBuildPhase</string>
				<key>runOnlyForDeploymentPostprocessing</key>
				<string>0</string>
			</dict>
			<key>1D60588E0D05DD3D006BFB54</key>
			<dict>
				<key>buildActionMask</key>
				<string>2147483647</string>
				<key>files</key>
				<array>
					<string>E4D8936E11527B74007E1F53</string>
					<string>E4D8936F11527B74007E1F53</string>
					<string>645C6DCD3BB9AE04C48EAD64</string>
					<string>FE13248B16B2F1B2D92CB93E</string>
					<string>326D475FBD48C46B1D37BC3E</string>
					<string>15ECB1177B4F9AC521FE83F0</string>
					<string>F5EFEC4B0FCD0C46A806F658</string>
					<string>7B025FFC7E80A48E60BD1821</string>
					<string>D82C29FF2A9BFC607DBC5997</string>
					<string>0D33F46A9DE65B4BF8B10754</string>
					<string>B609B8E0D423C7B68CA9F3E2</string>
					<string>3577D5FE61BAA7C1333D7B08</string>
					<string>2B9C3CEB57F1B5C4F832F8BB</string>
					<string>7ECA2E8A64FA8D42353535FB</string>
					<string>4D3B024D6FAC65FBEDDC4EEC</string>
					<string>BD31A4927D977A8D22727C45</string>
					<string>D0A17B036AB32D265B8F2459</string>
					<string>8A6FD731B949F968DC9CF28F</string>
					<string>DF5DE601940D2D9A96993655</string>
					<string>44241B285E8644935F2219BA</string>
					<string>ECD07A2389CF58E12038E933</string>
					<string>C762944EC35C1A1688722544</string>
					<string>92B88319E9446D33CED06693</string>
					<string>DB98E64C58781946ACE2BA62</string>
					<string>87897B2EDF25FAEE2A68BE4A</string>
					<string>4E63004C49902BD50DACE466</string>
					<string>DF3D295ED87C7BDDB83CB714</string>
					<string>577CD9395EE2976EC391E952</string>
					<string>3249430C65946B92F4F5B0B4</string>
					<string>AB49BC51A17540FB9714705B</string>
					<string>984B3F060542B326DF7C7C57</string>
					<string>58F6B74D800E3229CB90A50C</string>
					<string>104880F75437BBEC8B04A578</string>
				</array>
				<key>isa</key>
				<string>PBXSourcesBuildPhase</string>
				<key>runOnlyForDeploymentPostprocessing</key>
				<string>0</string>
			</dict>
			<key>1D60588F0D05DD3D006BFB54</key>
			<dict>
				<key>buildActionMask</key>
				<string>2147483647</string>
				<key>files</key>
				<array>
					<string>E41D421413B3A95300A75A5D</string>
					<string>1D60589F0D05DD5A006BFB54</string>
					<string>1DF5F4E00D08C38300B7A737</string>
					<string>288765FD0DF74451002DB57D</string>
					<string>BB16EBD20F2B2A9500518274</string>
					<string>BB16EBD90F2B2AB500518274</string>
					<string>BBE5EAB80F49AD8400F28951</string>
					<string>53F323EB10A20EDB00E0DAE4</string>
					<string>5326AEA810A23A0500278DE6</string>
					<string>E4A823A412561BE3002F86A2</string>
					<string>E41D400B13B39D2100A75A5D</string>
					<string>E41D400C13B39D2100A75A5D</string>
					<string>E41D400D13B39D2100A75A5D</string>
					<string>E41D400E13B39D2100A75A5D</string>
				</array>
				<key>isa</key>
				<string>PBXFrameworksBuildPhase</string>
				<key>runOnlyForDeploymentPostprocessing</key>
				<string>0</string>
			</dict>
			<key>1D6058900D05DD3D006BFB54</key>
			<dict>
				<key>buildConfigurationList</key>
				<string>1D6058960D05DD3E006BFB54</string>
				<key>buildPhases</key>
				<array>
					<string>1D60588D0D05DD3D006BFB54</string>
					<string>1D60588E0D05DD3D006BFB54</string>
					<string>1D60588F0D05DD3D006BFB54</string>
					<string>9255DD331112741900D6945E</string>
				</array>
				<key>buildRules</key>
				<array />
				<key>dependencies</key>
				<array>
					<string>E41D410413B3A11300A75A5D</string>
				</array>
				<key>isa</key>
				<string>PBXNativeTarget</string>
				<key>name</key>
				<string>leaderly</string>
				<key>productName</key>
				<string>iPhone</string>
				<key>productReference</key>
				<string>1D6058910D05DD3D006BFB54</string>
				<key>productType</key>
				<string>com.apple.product-type.application</string>
			</dict>
			<key>1D6058910D05DD3D006BFB54</key>
			<dict>
				<key>explicitFileType</key>
				<string>wrapper.application</string>
				<key>includeInIndex</key>
				<string>0</string>
				<key>isa</key>
				<string>PBXFileReference</string>
				<key>path</key>
				<string>leaderly.app</string>
				<key>sourceTree</key>
				<string>BUILT_PRODUCTS_DIR</string>
			</dict>
			<key>1D6058940D05DD3E006BFB54</key>
			<dict>
				<key>buildSettings</key>
				<dict>
					<key>ALWAYS_SEARCH_USER_PATHS</key>
					<string>NO</string>
					<key>GCC_PRECOMPILE_PREFIX_HEADER</key>
					<string>YES</string>
					<key>GCC_PREFIX_HEADER</key>
					<string>ofxiOS_Prefix.pch</string>
					<key>INFOPLIST_FILE</key>
					<string>ofxiOS-Info.plist</string>
					<key>PRODUCT_NAME</key>
					<string>${TARGET_NAME}</string>
					<key>VALID_ARCHS</key>
					<string>armv6 armv7</string>
				</dict>
				<key>isa</key>
				<string>XCBuildConfiguration</string>
				<key>name</key>
				<string>Debug</string>
			</dict>
			<key>1D6058950D05DD3E006BFB54</key>
			<dict>
				<key>buildSettings</key>
				<dict>
					<key>GCC_PRECOMPILE_PREFIX_HEADER</key>
					<string>YES</string>
					<key>GCC_PREFIX_HEADER</key>
					<string>ofxiOS_Prefix.pch</string>
					<key>INFOPLIST_FILE</key>
					<string>ofxiOS-Info.plist</string>
					<key>PRODUCT_NAME</key>
					<string>${TARGET_NAME}</string>
					<key>VALID_ARCHS</key>
					<string>armv6 armv7</string>
				</dict>
				<key>isa</key>
				<string>XCBuildConfiguration</string>
				<key>name</key>
				<string>Release</string>
			</dict>
			<key>1D6058960D05DD3E006BFB54</key>
			<dict>
				<key>buildConfigurations</key>
				<array>
					<string>1D6058940D05DD3E006BFB54</string>
					<string>1D6058950D05DD3E006BFB54</string>
				</array>
				<key>defaultConfigurationIsVisible</key>
				<string>0</string>
				<key>defaultConfigurationName</key>
				<string>Release</string>
				<key>isa</key>
				<string>XCConfigurationList</string>
			</dict>
			<key>1D60589F0D05DD5A006BFB54</key>
			<dict>
				<key>fileRef</key>
				<string>1D30AB110D05D00D00671497</string>
				<key>isa</key>
				<string>PBXBuildFile</string>
			</dict>
			<key>1DF5F4DF0D08C38300B7A737</key>
			<dict>
				<key>isa</key>
				<string>PBXFileReference</string>
				<key>lastKnownFileType</key>
				<string>wrapper.framework</string>
				<key>name</key>
				<string>UIKit.framework</string>
				<key>path</key>
				<string>System/Library/Frameworks/UIKit.framework</string>
				<key>sourceTree</key>
				<string>SDKROOT</string>
			</dict>
			<key>1DF5F4E00D08C38300B7A737</key>
			<dict>
				<key>fileRef</key>
				<string>1DF5F4DF0D08C38300B7A737</string>
				<key>isa</key>
				<string>PBXBuildFile</string>
			</dict>
			<key>288765FC0DF74451002DB57D</key>
			<dict>
				<key>isa</key>
				<string>PBXFileReference</string>
				<key>lastKnownFileType</key>
				<string>wrapper.framework</string>
				<key>name</key>
				<string>CoreGraphics.framework</string>
				<key>path</key>
				<string>System/Library/Frameworks/CoreGraphics.framework</string>
				<key>sourceTree</key>
				<string>SDKROOT</string>
			</dict>
			<key>288765FD0DF74451002DB57D</key>
			<dict>
				<key>fileRef</key>
				<string>288765FC0DF74451002DB57D</string>
				<key>isa</key>
				<string>PBXBuildFile</string>
			</dict>
			<key>29B97313FDCFA39411CA2CEA</key>
			<dict>
				<key>attributes</key>
				<dict>
					<key>LastUpgradeCheck</key>
					<string>0460</string>
				</dict>
				<key>buildConfigurationList</key>
				<string>C01FCF4E08A954540054247B</string>
				<key>compatibilityVersion</key>
				<string>Xcode 3.2</string>
				<key>developmentRegion</key>
				<string>English</string>
				<key>hasScannedForEncodings</key>
				<string>1</string>
				<key>isa</key>
				<string>PBXProject</string>
				<key>knownRegions</key>
				<array>
					<string>English</string>
					<string>Japanese</string>
					<string>French</string>
					<string>German</string>
				</array>
				<key>mainGroup</key>
				<string>29B97314FDCFA39411CA2CEA</string>
				<key>projectDirPath</key>
				<string />
				<key>projectReferences</key>
				<array>
					<dict>
						<key>ProductGroup</key>
						<string>E41D40FE13B3A0D800A75A5D</string>
						<key>ProjectRef</key>
						<string>E41D40FD13B3A0D800A75A5D</string>
					</dict>
				</array>
				<key>projectRoot</key>
				<string />
				<key>targets</key>
				<array>
					<string>1D6058900D05DD3D006BFB54</string>
				</array>
			</dict>
			<key>29B97314FDCFA39411CA2CEA</key>
			<dict>
				<key>children</key>
				<array>
					<string>678E130917951536005B6D19</string>
					<string>678E130717951530005B6D19</string>
					<string>678E130B1795153C005B6D19</string>
					<string>678E130D17951540005B6D19</string>
					<string>678E130F17951549005B6D19</string>
					<string>E4D8936A11527B74007E1F53</string>
					<string>BB24E1F710DAA51900E9C588</string>
					<string>BB16F26B0F2B646B00518274</string>
					<string>BB16E9930F2B1E5900518274</string>
					<string>19C28FACFE9D520D11CA2CBB</string>
				</array>
				<key>isa</key>
				<string>PBXGroup</string>
				<key>name</key>
				<string>CustomTemplate</string>
				<key>sourceTree</key>
				<string>&lt;group&gt;</string>
			</dict>
			<key>29B97323FDCFA39411CA2CEA</key>
			<dict>
				<key>children</key>
				<array>
					<string>E41D400613B39D2100A75A5D</string>
					<string>E41D400713B39D2100A75A5D</string>
					<string>E41D400813B39D2100A75A5D</string>
					<string>E41D400913B39D2100A75A5D</string>
					<string>53F323EA10A20EDB00E0DAE4</string>
					<string>E4A823A312561BE3002F86A2</string>
					<string>BBE5EAB70F49AD8400F28951</string>
					<string>BB16EBD80F2B2AB500518274</string>
					<string>BB16EBD10F2B2A9500518274</string>
					<string>1DF5F4DF0D08C38300B7A737</string>
					<string>1D30AB110D05D00D00671497</string>
					<string>288765FC0DF74451002DB57D</string>
					<string>5326AEA710A23A0500278DE6</string>
				</array>
				<key>isa</key>
				<string>PBXGroup</string>
				<key>name</key>
				<string>core frameworks</string>
				<key>sourceTree</key>
				<string>&lt;group&gt;</string>
			</dict>
			<key>32CA4F630368D1EE00C91783</key>
			<dict>
				<key>fileEncoding</key>
				<string>4</string>
				<key>isa</key>
				<string>PBXFileReference</string>
				<key>lastKnownFileType</key>
				<string>sourcecode.c.h</string>
				<key>path</key>
				<string>ofxiOS_Prefix.pch</string>
				<key>sourceTree</key>
				<string>&lt;group&gt;</string>
			</dict>
			<key>5326AEA710A23A0500278DE6</key>
			<dict>
				<key>isa</key>
				<string>PBXFileReference</string>
				<key>lastKnownFileType</key>
				<string>wrapper.framework</string>
				<key>name</key>
				<string>CoreLocation.framework</string>
				<key>path</key>
				<string>System/Library/Frameworks/CoreLocation.framework</string>
				<key>sourceTree</key>
				<string>SDKROOT</string>
			</dict>
			<key>5326AEA810A23A0500278DE6</key>
			<dict>
				<key>fileRef</key>
				<string>5326AEA710A23A0500278DE6</string>
				<key>isa</key>
				<string>PBXBuildFile</string>
			</dict>
			<key>53F323EA10A20EDB00E0DAE4</key>
			<dict>
				<key>isa</key>
				<string>PBXFileReference</string>
				<key>lastKnownFileType</key>
				<string>wrapper.framework</string>
				<key>name</key>
				<string>OpenAL.framework</string>
				<key>path</key>
				<string>System/Library/Frameworks/OpenAL.framework</string>
				<key>sourceTree</key>
				<string>SDKROOT</string>
			</dict>
			<key>53F323EB10A20EDB00E0DAE4</key>
			<dict>
				<key>fileRef</key>
				<string>53F323EA10A20EDB00E0DAE4</string>
				<key>isa</key>
				<string>PBXBuildFile</string>
			</dict>
			<key>678E130717951530005B6D19</key>
			<dict>
				<key>isa</key>
				<string>PBXFileReference</string>
				<key>lastKnownFileType</key>
				<string>image.png</string>
				<key>name</key>
				<string>Icon@2x.png</string>
				<key>path</key>
				<string>bin/data/Icon@2x.png</string>
				<key>sourceTree</key>
				<string>&lt;group&gt;</string>
			</dict>
			<key>678E130817951530005B6D19</key>
			<dict>
				<key>fileRef</key>
				<string>678E130717951530005B6D19</string>
				<key>isa</key>
				<string>PBXBuildFile</string>
			</dict>
			<key>678E130917951536005B6D19</key>
			<dict>
				<key>isa</key>
				<string>PBXFileReference</string>
				<key>lastKnownFileType</key>
				<string>image.png</string>
				<key>name</key>
				<string>Icon.png</string>
				<key>path</key>
				<string>bin/data/Icon.png</string>
				<key>sourceTree</key>
				<string>&lt;group&gt;</string>
			</dict>
			<key>678E130A17951536005B6D19</key>
			<dict>
				<key>fileRef</key>
				<string>678E130917951536005B6D19</string>
				<key>isa</key>
				<string>PBXBuildFile</string>
			</dict>
			<key>678E130B1795153C005B6D19</key>
			<dict>
				<key>isa</key>
				<string>PBXFileReference</string>
				<key>lastKnownFileType</key>
				<string>image.png</string>
				<key>name</key>
				<string>Default.png</string>
				<key>path</key>
				<string>bin/data/Default.png</string>
				<key>sourceTree</key>
				<string>&lt;group&gt;</string>
			</dict>
			<key>678E130C1795153C005B6D19</key>
			<dict>
				<key>fileRef</key>
				<string>678E130B1795153C005B6D19</string>
				<key>isa</key>
				<string>PBXBuildFile</string>
			</dict>
			<key>678E130D17951540005B6D19</key>
			<dict>
				<key>isa</key>
				<string>PBXFileReference</string>
				<key>lastKnownFileType</key>
				<string>image.png</string>
				<key>name</key>
				<string>Default@2x.png</string>
				<key>path</key>
				<string>bin/data/Default@2x.png</string>
				<key>sourceTree</key>
				<string>&lt;group&gt;</string>
			</dict>
			<key>678E130E17951540005B6D19</key>
			<dict>
				<key>fileRef</key>
				<string>678E130D17951540005B6D19</string>
				<key>isa</key>
				<string>PBXBuildFile</string>
			</dict>
			<key>678E130F17951549005B6D19</key>
			<dict>
				<key>isa</key>
				<string>PBXFileReference</string>
				<key>lastKnownFileType</key>
				<string>image.png</string>
				<key>name</key>
				<string>Default-568h@2x~iphone.png</string>
				<key>path</key>
				<string>bin/data/Default-568h@2x~iphone.png</string>
				<key>sourceTree</key>
				<string>&lt;group&gt;</string>
			</dict>
			<key>678E131017951549005B6D19</key>
			<dict>
				<key>fileRef</key>
				<string>678E130F17951549005B6D19</string>
				<key>isa</key>
				<string>PBXBuildFile</string>
			</dict>
			<key>9255DD331112741900D6945E</key>
			<dict>
				<key>buildActionMask</key>
				<string>2147483647</string>
				<key>files</key>
				<array />
				<key>inputPaths</key>
				<array />
				<key>isa</key>
				<string>PBXShellScriptBuildPhase</string>
				<key>outputPaths</key>
				<array />
				<key>runOnlyForDeploymentPostprocessing</key>
				<string>0</string>
				<key>shellPath</key>
				<string>/bin/sh</string>
				<key>shellScript</key>
				<string>cp -rf bin/data/ "$TARGET_BUILD_DIR/$PRODUCT_NAME.app"
</string>
			</dict>
			<key>BB16E9930F2B1E5900518274</key>
			<dict>
				<key>children</key>
				<array>
					<string>BBE5E94E0F497BD800F28951</string>
				</array>
				<key>isa</key>
				<string>PBXGroup</string>
				<key>name</key>
				<string>libs</string>
				<key>sourceTree</key>
				<string>&lt;group&gt;</string>
			</dict>
			<key>BB16EBD10F2B2A9500518274</key>
			<dict>
				<key>isa</key>
				<string>PBXFileReference</string>
				<key>lastKnownFileType</key>
				<string>wrapper.framework</string>
				<key>name</key>
				<string>OpenGLES.framework</string>
				<key>path</key>
				<string>System/Library/Frameworks/OpenGLES.framework</string>
				<key>sourceTree</key>
				<string>SDKROOT</string>
			</dict>
			<key>BB16EBD20F2B2A9500518274</key>
			<dict>
				<key>fileRef</key>
				<string>BB16EBD10F2B2A9500518274</string>
				<key>isa</key>
				<string>PBXBuildFile</string>
			</dict>
			<key>BB16EBD80F2B2AB500518274</key>
			<dict>
				<key>isa</key>
				<string>PBXFileReference</string>
				<key>lastKnownFileType</key>
				<string>wrapper.framework</string>
				<key>name</key>
				<string>QuartzCore.framework</string>
				<key>path</key>
				<string>System/Library/Frameworks/QuartzCore.framework</string>
				<key>sourceTree</key>
				<string>SDKROOT</string>
			</dict>
			<key>BB16EBD90F2B2AB500518274</key>
			<dict>
				<key>fileRef</key>
				<string>BB16EBD80F2B2AB500518274</string>
				<key>isa</key>
				<string>PBXBuildFile</string>
			</dict>
			<key>BB16F26B0F2B646B00518274</key>
			<dict>
				<key>children</key>
				<array>
					<string>F7CAC7864EFA03C87A8E0818</string>
					<string>96B5FAFA42CE09AA5CD1D688</string>
					<string>C3ED8BE3CB1C4D6B5F8DAD0B</string>
				</array>
				<key>isa</key>
				<string>PBXGroup</string>
				<key>name</key>
				<string>addons</string>
				<key>sourceTree</key>
				<string>&lt;group&gt;</string>
			</dict>
			<key>BB24DDC910DA781C00E9C588</key>
			<dict>
				<key>fileEncoding</key>
				<string>4</string>
				<key>isa</key>
				<string>PBXFileReference</string>
				<key>lastKnownFileType</key>
				<string>text.plist.xml</string>
				<key>path</key>
				<string>ofxiOS-Info.plist</string>
				<key>sourceTree</key>
				<string>&lt;group&gt;</string>
			</dict>
			<key>BB24E1F710DAA51900E9C588</key>
			<dict>
				<key>children</key>
				<array>
					<string>E41D40FD13B3A0D800A75A5D</string>
					<string>32CA4F630368D1EE00C91783</string>
					<string>BB24DDC910DA781C00E9C588</string>
					<string>E41D3EE513B3906D00A75A5D</string>
					<string>E41D3ED613B38FB500A75A5D</string>
				</array>
				<key>isa</key>
				<string>PBXGroup</string>
				<key>name</key>
				<string>openFrameworks</string>
				<key>sourceTree</key>
				<string>&lt;group&gt;</string>
			</dict>
			<key>BBE5E94E0F497BD800F28951</key>
			<dict>
				<key>children</key>
				<array>
					<string>29B97323FDCFA39411CA2CEA</string>
				</array>
				<key>isa</key>
				<string>PBXGroup</string>
				<key>name</key>
				<string>core</string>
				<key>sourceTree</key>
				<string>&lt;group&gt;</string>
			</dict>
			<key>BBE5EAB70F49AD8400F28951</key>
			<dict>
				<key>isa</key>
				<string>PBXFileReference</string>
				<key>lastKnownFileType</key>
				<string>wrapper.framework</string>
				<key>name</key>
				<string>AudioToolbox.framework</string>
				<key>path</key>
				<string>System/Library/Frameworks/AudioToolbox.framework</string>
				<key>sourceTree</key>
				<string>SDKROOT</string>
			</dict>
			<key>BBE5EAB80F49AD8400F28951</key>
			<dict>
				<key>fileRef</key>
				<string>BBE5EAB70F49AD8400F28951</string>
				<key>isa</key>
				<string>PBXBuildFile</string>
			</dict>
			<key>C01FCF4E08A954540054247B</key>
			<dict>
				<key>buildConfigurations</key>
				<array>
					<string>C01FCF4F08A954540054247B</string>
					<string>C01FCF5008A954540054247B</string>
				</array>
				<key>defaultConfigurationIsVisible</key>
				<string>0</string>
				<key>defaultConfigurationName</key>
				<string>Release</string>
				<key>isa</key>
				<string>XCConfigurationList</string>
			</dict>
			<key>C01FCF4F08A954540054247B</key>
			<dict>
				<key>baseConfigurationReference</key>
				<string>E41D3ED613B38FB500A75A5D</string>
				<key>buildSettings</key>
				<dict>
					<key>HEADER_SEARCH_PATHS</key>
					<array>
						<string>$(OF_CORE_HEADERS)</string>
						<string>../../../addons/ofxAccelerometer/libs</string>
						<string>../../../addons/ofxAccelerometer/src</string>
						<string>../../../addons/ofxiOS/libs</string>
						<string>../../../addons/ofxiOS/src</string>
						<string>../../../addons/ofxiOS/src/app</string>
						<string>../../../addons/ofxiOS/src/core</string>
						<string>../../../addons/ofxiOS/src/events</string>
						<string>../../../addons/ofxiOS/src/gl</string>
						<string>../../../addons/ofxiOS/src/sound</string>
						<string>../../../addons/ofxiOS/src/utils</string>
						<string>../../../addons/ofxiOS/src/video</string>
						<string>../../../addons/ofxMultiTouch/libs</string>
						<string>../../../addons/ofxMultiTouch/src</string>
					</array>
					<key>ALWAYS_SEARCH_USER_PATHS</key>
					<string>YES</string>
					<key>ARCHS</key>
					<string>$(ARCHS_STANDARD_32_BIT)</string>
					<key>CODE_SIGN_IDENTITY</key>
					<string />
					<key>CODE_SIGN_IDENTITY[sdk=iphoneos*]</key>
					<string>iPhone Developer</string>
					<key>COMPRESS_PNG_FILES</key>
					<string>NO</string>
					<key>GCC_C_LANGUAGE_STANDARD</key>
					<string>c99</string>
					<key>GCC_OPTIMIZATION_LEVEL</key>
					<string>0</string>
					<key>GCC_SYMBOLS_PRIVATE_EXTERN</key>
					<string>NO</string>
					<key>GCC_WARN_ABOUT_INVALID_OFFSETOF_MACRO</key>
					<string>NO</string>
					<key>GCC_WARN_ABOUT_POINTER_SIGNEDNESS</key>
					<string>NO</string>
					<key>GCC_WARN_ABOUT_RETURN_TYPE</key>
					<string>YES</string>
					<key>GCC_WARN_ALLOW_INCOMPLETE_PROTOCOL</key>
					<string>NO</string>
					<key>GCC_WARN_PROTOTYPE_CONVERSION</key>
					<string>NO</string>
					<key>GCC_WARN_UNUSED_VARIABLE</key>
					<string>YES</string>
					<key>IPHONEOS_DEPLOYMENT_TARGET</key>
					<string>3.1</string>
					<key>ONLY_ACTIVE_ARCH</key>
					<string>NO</string>
					<key>PROVISIONING_PROFILE[sdk=iphoneos*]</key>
					<string />
					<key>SDKROOT</key>
					<string>iphoneos</string>
					<key>TARGETED_DEVICE_FAMILY</key>
					<string>1</string>
					<key>WARNING_LDFLAGS</key>
					<string>-no_arch_warnings</string>
				</dict>
				<key>isa</key>
				<string>XCBuildConfiguration</string>
				<key>name</key>
				<string>Debug</string>
			</dict>
			<key>C01FCF5008A954540054247B</key>
			<dict>
				<key>baseConfigurationReference</key>
				<string>E41D3ED613B38FB500A75A5D</string>
				<key>buildSettings</key>
				<dict>
					<key>HEADER_SEARCH_PATHS</key>
					<array>
						<string>$(OF_CORE_HEADERS)</string>
						<string>../../../addons/ofxAccelerometer/libs</string>
						<string>../../../addons/ofxAccelerometer/src</string>
						<string>../../../addons/ofxiOS/libs</string>
						<string>../../../addons/ofxiOS/src</string>
						<string>../../../addons/ofxiOS/src/app</string>
						<string>../../../addons/ofxiOS/src/core</string>
						<string>../../../addons/ofxiOS/src/events</string>
						<string>../../../addons/ofxiOS/src/gl</string>
						<string>../../../addons/ofxiOS/src/sound</string>
						<string>../../../addons/ofxiOS/src/utils</string>
						<string>../../../addons/ofxiOS/src/video</string>
						<string>../../../addons/ofxMultiTouch/libs</string>
						<string>../../../addons/ofxMultiTouch/src</string>
					</array>
					<key>ALWAYS_SEARCH_USER_PATHS</key>
					<string>YES</string>
					<key>ARCHS</key>
					<string>$(ARCHS_STANDARD_32_BIT)</string>
					<key>CODE_SIGN_IDENTITY</key>
					<string />
					<key>CODE_SIGN_IDENTITY[sdk=iphoneos*]</key>
					<string>iPhone Developer</string>
					<key>COMPRESS_PNG_FILES</key>
					<string>NO</string>
					<key>GCC_C_LANGUAGE_STANDARD</key>
					<string>c99</string>
					<key>GCC_DYNAMIC_NO_PIC</key>
					<string>YES</string>
					<key>GCC_GENERATE_DEBUGGING_SYMBOLS</key>
					<string>NO</string>
					<key>GCC_OPTIMIZATION_LEVEL</key>
					<string>3</string>
					<key>GCC_SYMBOLS_PRIVATE_EXTERN</key>
					<string>NO</string>
					<key>GCC_THUMB_SUPPORT</key>
					<string>NO</string>
					<key>GCC_WARN_ABOUT_RETURN_TYPE</key>
					<string>YES</string>
					<key>GCC_WARN_UNUSED_VARIABLE</key>
					<string>YES</string>
					<key>IPHONEOS_DEPLOYMENT_TARGET</key>
					<string>3.1</string>
					<key>ONLY_ACTIVE_ARCH</key>
					<string>NO</string>
					<key>SDKROOT</key>
					<string>iphoneos</string>
					<key>TARGETED_DEVICE_FAMILY</key>
					<string>1</string>
					<key>WARNING_LDFLAGS</key>
					<string>-no_arch_warnings</string>
				</dict>
				<key>isa</key>
				<string>XCBuildConfiguration</string>
				<key>name</key>
				<string>Release</string>
			</dict>
			<key>E41D3ED613B38FB500A75A5D</key>
			<dict>
				<key>fileEncoding</key>
				<string>4</string>
				<key>isa</key>
				<string>PBXFileReference</string>
				<key>lastKnownFileType</key>
				<string>text.xcconfig</string>
				<key>path</key>
				<string>Project.xcconfig</string>
				<key>sourceTree</key>
				<string>&lt;group&gt;</string>
			</dict>
			<key>E41D3ED713B38FB500A75A5D</key>
			<dict>
				<key>fileRef</key>
				<string>E41D3ED613B38FB500A75A5D</string>
				<key>isa</key>
				<string>PBXBuildFile</string>
			</dict>
			<key>E41D3EE513B3906D00A75A5D</key>
			<dict>
				<key>fileEncoding</key>
				<string>4</string>
				<key>isa</key>
				<string>PBXFileReference</string>
				<key>lastKnownFileType</key>
				<string>text.xcconfig</string>
				<key>name</key>
				<string>CoreOF.xcconfig</string>
				<key>path</key>
				<string>../../../libs/openFrameworksCompiled/project/ios/CoreOF.xcconfig</string>
				<key>sourceTree</key>
				<string>SOURCE_ROOT</string>
			</dict>
			<key>E41D3EE613B3906D00A75A5D</key>
			<dict>
				<key>fileRef</key>
				<string>E41D3EE513B3906D00A75A5D</string>
				<key>isa</key>
				<string>PBXBuildFile</string>
			</dict>
			<key>E41D400613B39D2100A75A5D</key>
			<dict>
				<key>isa</key>
				<string>PBXFileReference</string>
				<key>lastKnownFileType</key>
				<string>wrapper.framework</string>
				<key>name</key>
				<string>AVFoundation.framework</string>
				<key>path</key>
				<string>System/Library/Frameworks/AVFoundation.framework</string>
				<key>sourceTree</key>
				<string>SDKROOT</string>
			</dict>
			<key>E41D400713B39D2100A75A5D</key>
			<dict>
				<key>isa</key>
				<string>PBXFileReference</string>
				<key>lastKnownFileType</key>
				<string>wrapper.framework</string>
				<key>name</key>
				<string>CoreMedia.framework</string>
				<key>path</key>
				<string>System/Library/Frameworks/CoreMedia.framework</string>
				<key>sourceTree</key>
				<string>SDKROOT</string>
			</dict>
			<key>E41D400813B39D2100A75A5D</key>
			<dict>
				<key>isa</key>
				<string>PBXFileReference</string>
				<key>lastKnownFileType</key>
				<string>wrapper.framework</string>
				<key>name</key>
				<string>CoreVideo.framework</string>
				<key>path</key>
				<string>System/Library/Frameworks/CoreVideo.framework</string>
				<key>sourceTree</key>
				<string>SDKROOT</string>
			</dict>
			<key>E41D400913B39D2100A75A5D</key>
			<dict>
				<key>isa</key>
				<string>PBXFileReference</string>
				<key>lastKnownFileType</key>
				<string>wrapper.framework</string>
				<key>name</key>
				<string>MapKit.framework</string>
				<key>path</key>
				<string>System/Library/Frameworks/MapKit.framework</string>
				<key>sourceTree</key>
				<string>SDKROOT</string>
			</dict>
			<key>E41D400B13B39D2100A75A5D</key>
			<dict>
				<key>fileRef</key>
				<string>E41D400613B39D2100A75A5D</string>
				<key>isa</key>
				<string>PBXBuildFile</string>
			</dict>
			<key>E41D400C13B39D2100A75A5D</key>
			<dict>
				<key>fileRef</key>
				<string>E41D400713B39D2100A75A5D</string>
				<key>isa</key>
				<string>PBXBuildFile</string>
			</dict>
			<key>E41D400D13B39D2100A75A5D</key>
			<dict>
				<key>fileRef</key>
				<string>E41D400813B39D2100A75A5D</string>
				<key>isa</key>
				<string>PBXBuildFile</string>
			</dict>
			<key>E41D400E13B39D2100A75A5D</key>
			<dict>
				<key>fileRef</key>
				<string>E41D400913B39D2100A75A5D</string>
				<key>isa</key>
				<string>PBXBuildFile</string>
			</dict>
			<key>E41D40FD13B3A0D800A75A5D</key>
			<dict>
				<key>isa</key>
				<string>PBXFileReference</string>
				<key>lastKnownFileType</key>
				<string>wrapper.pb-project</string>
				<key>name</key>
				<string>iOS+OFLib.xcodeproj</string>
				<key>path</key>
				<string>../../../libs/openFrameworksCompiled/project/ios/iOS+OFLib.xcodeproj</string>
				<key>sourceTree</key>
				<string>SOURCE_ROOT</string>
			</dict>
			<key>E41D40FE13B3A0D800A75A5D</key>
			<dict>
				<key>children</key>
				<array>
					<string>E41D410213B3A0D800A75A5D</string>
				</array>
				<key>isa</key>
				<string>PBXGroup</string>
				<key>name</key>
				<string>Products</string>
				<key>sourceTree</key>
				<string>&lt;group&gt;</string>
			</dict>
			<key>E41D410113B3A0D800A75A5D</key>
			<dict>
				<key>containerPortal</key>
				<string>E41D40FD13B3A0D800A75A5D</string>
				<key>isa</key>
				<string>PBXContainerItemProxy</string>
				<key>proxyType</key>
				<string>2</string>
				<key>remoteGlobalIDString</key>
				<string>BB24DED610DA7A3F00E9C588</string>
				<key>remoteInfo</key>
				<string>iPhone+OF Static Library</string>
			</dict>
			<key>E41D410213B3A0D800A75A5D</key>
			<dict>
				<key>fileType</key>
				<string>archive.ar</string>
				<key>isa</key>
				<string>PBXReferenceProxy</string>
				<key>path</key>
				<string>libofxiPhone_iphoneos_Debug.a</string>
				<key>remoteRef</key>
				<string>E41D410113B3A0D800A75A5D</string>
				<key>sourceTree</key>
				<string>BUILT_PRODUCTS_DIR</string>
			</dict>
			<key>E41D410313B3A11300A75A5D</key>
			<dict>
				<key>containerPortal</key>
				<string>E41D40FD13B3A0D800A75A5D</string>
				<key>isa</key>
				<string>PBXContainerItemProxy</string>
				<key>proxyType</key>
				<string>1</string>
				<key>remoteGlobalIDString</key>
				<string>BB24DE5C10DA7A3F00E9C588</string>
				<key>remoteInfo</key>
				<string>iPhone+OF Static Library</string>
			</dict>
			<key>E41D410413B3A11300A75A5D</key>
			<dict>
				<key>isa</key>
				<string>PBXTargetDependency</string>
				<key>name</key>
				<string>iPhone+OF Static Library</string>
				<key>targetProxy</key>
				<string>E41D410313B3A11300A75A5D</string>
			</dict>
			<key>E41D421413B3A95300A75A5D</key>
			<dict>
				<key>fileRef</key>
				<string>E41D410213B3A0D800A75A5D</string>
				<key>isa</key>
				<string>PBXBuildFile</string>
			</dict>
			<key>E4A823A312561BE3002F86A2</key>
			<dict>
				<key>isa</key>
				<string>PBXFileReference</string>
				<key>lastKnownFileType</key>
				<string>wrapper.framework</string>
				<key>name</key>
				<string>CoreGraphics.framework</string>
				<key>path</key>
				<string>System/Library/Frameworks/CoreGraphics.framework</string>
				<key>sourceTree</key>
				<string>SDKROOT</string>
			</dict>
			<key>E4A823A412561BE3002F86A2</key>
			<dict>
				<key>fileRef</key>
				<string>E4A823A312561BE3002F86A2</string>
				<key>isa</key>
				<string>PBXBuildFile</string>
			</dict>
			<key>E4D8936A11527B74007E1F53</key>
			<dict>
				<key>children</key>
				<array>
					<string>E4D8936B11527B74007E1F53</string>
					<string>E4D8936D11527B74007E1F53</string>
					<string>E4D8936C11527B74007E1F53</string>
				</array>
				<key>isa</key>
				<string>PBXGroup</string>
				<key>path</key>
				<string>src</string>
				<key>sourceTree</key>
				<string>SOURCE_ROOT</string>
			</dict>
			<key>E4D8936B11527B74007E1F53</key>
			<dict>
				<key>fileEncoding</key>
				<string>4</string>
				<key>isa</key>
				<string>PBXFileReference</string>
				<key>lastKnownFileType</key>
				<string>sourcecode.cpp.objcpp</string>
				<key>name</key>
				<string>main.mm</string>
				<key>path</key>
				<string>src/main.mm</string>
				<key>sourceTree</key>
				<string>SOURCE_ROOT</string>
			</dict>
			<key>E4D8936C11527B74007E1F53</key>
			<dict>
				<key>fileEncoding</key>
				<string>4</string>
				<key>isa</key>
				<string>PBXFileReference</string>
				<key>lastKnownFileType</key>
				<string>sourcecode.c.h</string>
				<key>name</key>
				<string>testApp.h</string>
				<key>path</key>
				<string>src/testApp.h</string>
				<key>sourceTree</key>
				<string>SOURCE_ROOT</string>
			</dict>
			<key>E4D8936D11527B74007E1F53</key>
			<dict>
				<key>fileEncoding</key>
				<string>4</string>
				<key>isa</key>
				<string>PBXFileReference</string>
				<key>lastKnownFileType</key>
				<string>sourcecode.cpp.objcpp</string>
				<key>name</key>
				<string>testApp.mm</string>
				<key>path</key>
				<string>src/testApp.mm</string>
				<key>sourceTree</key>
				<string>SOURCE_ROOT</string>
			</dict>
			<key>E4D8936E11527B74007E1F53</key>
			<dict>
				<key>fileRef</key>
				<string>E4D8936B11527B74007E1F53</string>
				<key>isa</key>
				<string>PBXBuildFile</string>
			</dict>
			<key>E4D8936F11527B74007E1F53</key>
			<dict>
				<key>fileRef</key>
				<string>E4D8936D11527B74007E1F53</string>
				<key>isa</key>
				<string>PBXBuildFile</string>
			</dict>
		</dict>
		<key>rootObject</key>
		<string>29B97313FDCFA39411CA2CEA</string>
	</dict>
</plist>
